
Microsoft Visual Studio Solution File, Format Version 12.00
# Visual Studio Version 17
VisualStudioVersion = 17.6.33829.357
MinimumVisualStudioVersion = 10.0.40219.1
Project("{8BC9CEB8-8B4A-11D0-8D11-00A0C91BC942}") = "bulls and cows", "bulls and cows.vcxproj", "{A30DF2A1-9F2B-4A90-A1C2-4F1D9ABD3938}"
EndProject
Global
	GlobalSection(SolutionConfigurationPlatforms) = preSolution
		Debug|x64 = Debug|x64
		Debug|x86 = Debug|x86
		Release|x64 = Release|x64
		Release|x86 = Release|x86
	EndGlobalSection
	GlobalSection(ProjectConfigurationPlatforms) = postSolution
		{A30DF2A1-9F2B-4A90-A1C2-4F1D9ABD3938}.Debug|x64.ActiveCfg = Debug|x64
		{A30DF2A1-9F2B-4A90-A1C2-4F1D9ABD3938}.Debug|x64.Build.0 = Debug|x64
		{A30DF2A1-9F2B-4A90-A1C2-4F1D9ABD3938}.Debug|x86.ActiveCfg = Debug|Win32
		{A30DF2A1-9F2B-4A90-A1C2-4F1D9ABD3938}.Debug|x86.Build.0 = Debug|Win32
		{A30DF2A1-9F2B-4A90-A1C2-4F1D9ABD3938}.Release|x64.ActiveCfg = Release|x64
		{A30DF2A1-9F2B-4A90-A1C2-4F1D9ABD3938}.Release|x64.Build.0 = Release|x64
		{A30DF2A1-9F2B-4A90-A1C2-4F1D9ABD3938}.Release|x86.ActiveCfg = Release|Win32
		{A30DF2A1-9F2B-4A90-A1C2-4F1D9ABD3938}.Release|x86.Build.0 = Release|Win32
	EndGlobalSection
	GlobalSection(SolutionProperties) = preSolution
		HideSolutionNode = FALSE
	EndGlobalSection
	GlobalSection(ExtensibilityGlobals) = postSolution
		SolutionGuid = {4AE381FD-4B84-44EC-8340-C003089228DC}
	EndGlobalSection
EndGlobal
